
Microsoft Visual Studio Solution File, Format Version 12.00
# Visual Studio Version 16
VisualStudioVersion = 16.0.30907.101
MinimumVisualStudioVersion = 10.0.40219.1
Project("{FAE04EC0-301F-11D3-BF4B-00C04F79EFBC}") = "helloworld", "helloworld.csproj", "{3AA797DD-45FE-49C1-B436-1D066672A015}"
EndProject
Global
	GlobalSection(SolutionConfigurationPlatforms) = preSolution
		Debug|Any CPU = Debug|Any CPU
		Release|Any CPU = Release|Any CPU
	EndGlobalSection
	GlobalSection(ProjectConfigurationPlatforms) = postSolution
		{3AA797DD-45FE-49C1-B436-1D066672A015}.Debug|Any CPU.ActiveCfg = Debug|Any CPU
		{3AA797DD-45FE-49C1-B436-1D066672A015}.Debug|Any CPU.Build.0 = Debug|Any CPU
		{3AA797DD-45FE-49C1-B436-1D066672A015}.Release|Any CPU.ActiveCfg = Release|Any CPU
		{3AA797DD-45FE-49C1-B436-1D066672A015}.Release|Any CPU.Build.0 = Release|Any CPU
	EndGlobalSection
	GlobalSection(SolutionProperties) = preSolution
		HideSolutionNode = FALSE
	EndGlobalSection
	GlobalSection(ExtensibilityGlobals) = postSolution
		SolutionGuid = {77A13637-3516-4123-9EFD-BB2B66DBB6C2}
	EndGlobalSection
EndGlobal
